
Microsoft Visual Studio Solution File, Format Version 12.00
# Visual Studio Version 17
VisualStudioVersion = 17.5.33530.505
MinimumVisualStudioVersion = 10.0.40219.1
Project("{FAE04EC0-301F-11D3-BF4B-00C04F79EFBC}") = "BeehiveManagementSystem", "BeehiveManagementSystem\BeehiveManagementSystem.csproj", "{11D74656-36B9-4C49-B62F-3CC568209AF2}"
EndProject
Global
	GlobalSection(SolutionConfigurationPlatforms) = preSolution
		Debug|Any CPU = Debug|Any CPU
		Release|Any CPU = Release|Any CPU
	EndGlobalSection
	GlobalSection(ProjectConfigurationPlatforms) = postSolution
		{11D74656-36B9-4C49-B62F-3CC568209AF2}.Debug|Any CPU.ActiveCfg = Debug|Any CPU
		{11D74656-36B9-4C49-B62F-3CC568209AF2}.Debug|Any CPU.Build.0 = Debug|Any CPU
		{11D74656-36B9-4C49-B62F-3CC568209AF2}.Release|Any CPU.ActiveCfg = Release|Any CPU
		{11D74656-36B9-4C49-B62F-3CC568209AF2}.Release|Any CPU.Build.0 = Release|Any CPU
	EndGlobalSection
	GlobalSection(SolutionProperties) = preSolution
		HideSolutionNode = FALSE
	EndGlobalSection
	GlobalSection(ExtensibilityGlobals) = postSolution
		SolutionGuid = {DD0ECA4C-0765-4159-B011-06F8D78B98A6}
	EndGlobalSection
EndGlobal
